
Microsoft Visual Studio Solution File, Format Version 12.00
# Visual Studio Version 17
VisualStudioVersion = 17.10.35013.160
MinimumVisualStudioVersion = 10.0.40219.1
Project("{2150E333-8FDC-42A3-9474-1A3956D46DE8}") = "Application", "Application", "{854949DC-A0AA-498D-AA6F-CD709490E63D}"
EndProject
Project("{2150E333-8FDC-42A3-9474-1A3956D46DE8}") = "Infrastructure", "Infrastructure", "{45F1F799-2525-46BC-825F-29BC34739D63}"
EndProject
Project("{2150E333-8FDC-42A3-9474-1A3956D46DE8}") = "Shared", "Shared", "{3575F222-522E-445F-ACCC-BBFC93702DAD}"
EndProject
Project("{2150E333-8FDC-42A3-9474-1A3956D46DE8}") = "Systems", "Systems", "{EDF11BE4-BD4E-48EA-A736-3B864202B511}"
EndProject
Project("{2150E333-8FDC-42A3-9474-1A3956D46DE8}") = "Tests", "Tests", "{25C4899F-454E-4DF2-929D-406166120F50}"
EndProject
Project("{2150E333-8FDC-42A3-9474-1A3956D46DE8}") = "Models", "Models", "{91A0058B-27AC-4462-BB53-C8018170DBF7}"
EndProject
Project("{2150E333-8FDC-42A3-9474-1A3956D46DE8}") = "Services", "Services", "{C67F86F8-8959-4ACB-AA91-9C2D55D4940B}"
EndProject
Project("{2150E333-8FDC-42A3-9474-1A3956D46DE8}") = "Data", "Data", "{3CCA913A-E3FB-4C81-A331-EF7A5479DBCA}"
EndProject
Project("{2150E333-8FDC-42A3-9474-1A3956D46DE8}") = "Repositories", "Repositories", "{C22DBC6E-247D-4AF6-A7CA-25AAF607EBC1}"
EndProject
Project("{2150E333-8FDC-42A3-9474-1A3956D46DE8}") = "API", "API", "{C0C56554-05CF-453E-8B87-49E40AD0972B}"
EndProject
Project("{2150E333-8FDC-42A3-9474-1A3956D46DE8}") = "Web", "Web", "{3DA15C24-5469-4BDD-95C2-A3FA34993BBE}"
EndProject
Project("{9A19103F-16F7-4668-BE54-9A1E7A4F7556}") = "Notes.API", "Systems\API\Notes.API\Notes.API.csproj", "{3E119F41-E2F3-4FF2-8A68-A837446891C1}"
EndProject
Project("{9A19103F-16F7-4668-BE54-9A1E7A4F7556}") = "Notes.Common", "Shared\Notes.Common\Notes.Common.csproj", "{83491636-4F40-4016-A9C2-287C3962AEF9}"
EndProject
Project("{9A19103F-16F7-4668-BE54-9A1E7A4F7556}") = "Notes.Services.Logger", "Application\Services\Notes.Services.Logger\Notes.Services.Logger.csproj", "{834EC484-042D-4542-B531-2D3711C32034}"
EndProject
Project("{9A19103F-16F7-4668-BE54-9A1E7A4F7556}") = "Notes.Services.Settings", "Application\Services\Notes.Services.Settings\Notes.Services.Settings.csproj", "{75AA5134-BA35-43D3-8A28-85E71567AB4B}"
EndProject
Project("{9A19103F-16F7-4668-BE54-9A1E7A4F7556}") = "Notes.Context", "Infrastructure\Data\Notes.Context\Notes.Context.csproj", "{74307E19-677A-4A35-9F43-0633586A5B53}"
EndProject
Project("{9A19103F-16F7-4668-BE54-9A1E7A4F7556}") = "Notes.Entities", "Infrastructure\Repositories\Notes.Entities\Notes.Entities.csproj", "{F02880C3-F0D1-45D5-844C-6B19271BA2E1}"
EndProject
Project("{2150E333-8FDC-42A3-9474-1A3956D46DE8}") = "Migrations", "Migrations", "{E81CB665-6C11-4CCC-92AC-A303468909F2}"
EndProject
Project("{9A19103F-16F7-4668-BE54-9A1E7A4F7556}") = "Notes.Context.Migrations.PgSql", "Infrastructure\Data\Migrations\Notes.Context.Migrations.PgSql\Notes.Context.Migrations.PgSql.csproj", "{885CA762-78D0-4F1C-A5EE-1BE4C1BE63C1}"
EndProject
Project("{9A19103F-16F7-4668-BE54-9A1E7A4F7556}") = "Notes.Models", "Application\Models\Notes.Models\Notes.Models.csproj", "{ECB4FB8A-EA19-46A4-999F-999734B259A3}"
EndProject
Project("{FAE04EC0-301F-11D3-BF4B-00C04F79EFBC}") = "Notes.API.Tests", "Tests\Notes.API.Tests\Notes.API.Tests.csproj", "{AD3707DD-886F-4257-B8B2-5FF2A8970BD6}"
EndProject
Project("{FAE04EC0-301F-11D3-BF4B-00C04F79EFBC}") = "Notes.Services.User", "Application\Services\Notes.Services.User\Notes.Services.User.csproj", "{2549646C-8E6A-48F4-8166-24A85689FD3B}"
EndProject
Project("{FAE04EC0-301F-11D3-BF4B-00C04F79EFBC}") = "Notes.Application.Tests", "Tests\Notes.Application.Tests\Notes.Application.Tests.csproj", "{39AADF4F-9CCF-44EF-B8FE-381DF52383A7}"
EndProject
Global
	GlobalSection(SolutionConfigurationPlatforms) = preSolution
		Debug|Any CPU = Debug|Any CPU
		Release|Any CPU = Release|Any CPU
	EndGlobalSection
	GlobalSection(ProjectConfigurationPlatforms) = postSolution
		{3E119F41-E2F3-4FF2-8A68-A837446891C1}.Debug|Any CPU.ActiveCfg = Debug|Any CPU
		{3E119F41-E2F3-4FF2-8A68-A837446891C1}.Debug|Any CPU.Build.0 = Debug|Any CPU
		{3E119F41-E2F3-4FF2-8A68-A837446891C1}.Release|Any CPU.ActiveCfg = Release|Any CPU
		{3E119F41-E2F3-4FF2-8A68-A837446891C1}.Release|Any CPU.Build.0 = Release|Any CPU
		{83491636-4F40-4016-A9C2-287C3962AEF9}.Debug|Any CPU.ActiveCfg = Debug|Any CPU
		{83491636-4F40-4016-A9C2-287C3962AEF9}.Debug|Any CPU.Build.0 = Debug|Any CPU
		{83491636-4F40-4016-A9C2-287C3962AEF9}.Release|Any CPU.ActiveCfg = Release|Any CPU
		{83491636-4F40-4016-A9C2-287C3962AEF9}.Release|Any CPU.Build.0 = Release|Any CPU
		{834EC484-042D-4542-B531-2D3711C32034}.Debug|Any CPU.ActiveCfg = Debug|Any CPU
		{834EC484-042D-4542-B531-2D3711C32034}.Debug|Any CPU.Build.0 = Debug|Any CPU
		{834EC484-042D-4542-B531-2D3711C32034}.Release|Any CPU.ActiveCfg = Release|Any CPU
		{834EC484-042D-4542-B531-2D3711C32034}.Release|Any CPU.Build.0 = Release|Any CPU
		{75AA5134-BA35-43D3-8A28-85E71567AB4B}.Debug|Any CPU.ActiveCfg = Debug|Any CPU
		{75AA5134-BA35-43D3-8A28-85E71567AB4B}.Debug|Any CPU.Build.0 = Debug|Any CPU
		{75AA5134-BA35-43D3-8A28-85E71567AB4B}.Release|Any CPU.ActiveCfg = Release|Any CPU
		{75AA5134-BA35-43D3-8A28-85E71567AB4B}.Release|Any CPU.Build.0 = Release|Any CPU
		{74307E19-677A-4A35-9F43-0633586A5B53}.Debug|Any CPU.ActiveCfg = Debug|Any CPU
		{74307E19-677A-4A35-9F43-0633586A5B53}.Debug|Any CPU.Build.0 = Debug|Any CPU
		{74307E19-677A-4A35-9F43-0633586A5B53}.Release|Any CPU.ActiveCfg = Release|Any CPU
		{74307E19-677A-4A35-9F43-0633586A5B53}.Release|Any CPU.Build.0 = Release|Any CPU
		{F02880C3-F0D1-45D5-844C-6B19271BA2E1}.Debug|Any CPU.ActiveCfg = Debug|Any CPU
		{F02880C3-F0D1-45D5-844C-6B19271BA2E1}.Debug|Any CPU.Build.0 = Debug|Any CPU
		{F02880C3-F0D1-45D5-844C-6B19271BA2E1}.Release|Any CPU.ActiveCfg = Release|Any CPU
		{F02880C3-F0D1-45D5-844C-6B19271BA2E1}.Release|Any CPU.Build.0 = Release|Any CPU
		{885CA762-78D0-4F1C-A5EE-1BE4C1BE63C1}.Debug|Any CPU.ActiveCfg = Debug|Any CPU
		{885CA762-78D0-4F1C-A5EE-1BE4C1BE63C1}.Debug|Any CPU.Build.0 = Debug|Any CPU
		{885CA762-78D0-4F1C-A5EE-1BE4C1BE63C1}.Release|Any CPU.ActiveCfg = Release|Any CPU
		{885CA762-78D0-4F1C-A5EE-1BE4C1BE63C1}.Release|Any CPU.Build.0 = Release|Any CPU
		{ECB4FB8A-EA19-46A4-999F-999734B259A3}.Debug|Any CPU.ActiveCfg = Debug|Any CPU
		{ECB4FB8A-EA19-46A4-999F-999734B259A3}.Debug|Any CPU.Build.0 = Debug|Any CPU
		{ECB4FB8A-EA19-46A4-999F-999734B259A3}.Release|Any CPU.ActiveCfg = Release|Any CPU
		{ECB4FB8A-EA19-46A4-999F-999734B259A3}.Release|Any CPU.Build.0 = Release|Any CPU
		{AD3707DD-886F-4257-B8B2-5FF2A8970BD6}.Debug|Any CPU.ActiveCfg = Debug|Any CPU
		{AD3707DD-886F-4257-B8B2-5FF2A8970BD6}.Debug|Any CPU.Build.0 = Debug|Any CPU
		{AD3707DD-886F-4257-B8B2-5FF2A8970BD6}.Release|Any CPU.ActiveCfg = Release|Any CPU
		{AD3707DD-886F-4257-B8B2-5FF2A8970BD6}.Release|Any CPU.Build.0 = Release|Any CPU
		{2549646C-8E6A-48F4-8166-24A85689FD3B}.Debug|Any CPU.ActiveCfg = Debug|Any CPU
		{2549646C-8E6A-48F4-8166-24A85689FD3B}.Debug|Any CPU.Build.0 = Debug|Any CPU
		{2549646C-8E6A-48F4-8166-24A85689FD3B}.Release|Any CPU.ActiveCfg = Release|Any CPU
		{2549646C-8E6A-48F4-8166-24A85689FD3B}.Release|Any CPU.Build.0 = Release|Any CPU
		{39AADF4F-9CCF-44EF-B8FE-381DF52383A7}.Debug|Any CPU.ActiveCfg = Debug|Any CPU
		{39AADF4F-9CCF-44EF-B8FE-381DF52383A7}.Debug|Any CPU.Build.0 = Debug|Any CPU
		{39AADF4F-9CCF-44EF-B8FE-381DF52383A7}.Release|Any CPU.ActiveCfg = Release|Any CPU
		{39AADF4F-9CCF-44EF-B8FE-381DF52383A7}.Release|Any CPU.Build.0 = Release|Any CPU
	EndGlobalSection
	GlobalSection(SolutionProperties) = preSolution
		HideSolutionNode = FALSE
	EndGlobalSection
	GlobalSection(NestedProjects) = preSolution
		{91A0058B-27AC-4462-BB53-C8018170DBF7} = {854949DC-A0AA-498D-AA6F-CD709490E63D}
		{C67F86F8-8959-4ACB-AA91-9C2D55D4940B} = {854949DC-A0AA-498D-AA6F-CD709490E63D}
		{3CCA913A-E3FB-4C81-A331-EF7A5479DBCA} = {45F1F799-2525-46BC-825F-29BC34739D63}
		{C22DBC6E-247D-4AF6-A7CA-25AAF607EBC1} = {45F1F799-2525-46BC-825F-29BC34739D63}
		{C0C56554-05CF-453E-8B87-49E40AD0972B} = {EDF11BE4-BD4E-48EA-A736-3B864202B511}
		{3DA15C24-5469-4BDD-95C2-A3FA34993BBE} = {EDF11BE4-BD4E-48EA-A736-3B864202B511}
		{3E119F41-E2F3-4FF2-8A68-A837446891C1} = {C0C56554-05CF-453E-8B87-49E40AD0972B}
		{83491636-4F40-4016-A9C2-287C3962AEF9} = {3575F222-522E-445F-ACCC-BBFC93702DAD}
		{834EC484-042D-4542-B531-2D3711C32034} = {C67F86F8-8959-4ACB-AA91-9C2D55D4940B}
		{75AA5134-BA35-43D3-8A28-85E71567AB4B} = {C67F86F8-8959-4ACB-AA91-9C2D55D4940B}
		{74307E19-677A-4A35-9F43-0633586A5B53} = {3CCA913A-E3FB-4C81-A331-EF7A5479DBCA}
		{F02880C3-F0D1-45D5-844C-6B19271BA2E1} = {C22DBC6E-247D-4AF6-A7CA-25AAF607EBC1}
		{E81CB665-6C11-4CCC-92AC-A303468909F2} = {3CCA913A-E3FB-4C81-A331-EF7A5479DBCA}
		{885CA762-78D0-4F1C-A5EE-1BE4C1BE63C1} = {E81CB665-6C11-4CCC-92AC-A303468909F2}
		{ECB4FB8A-EA19-46A4-999F-999734B259A3} = {91A0058B-27AC-4462-BB53-C8018170DBF7}
		{AD3707DD-886F-4257-B8B2-5FF2A8970BD6} = {25C4899F-454E-4DF2-929D-406166120F50}
		{2549646C-8E6A-48F4-8166-24A85689FD3B} = {C67F86F8-8959-4ACB-AA91-9C2D55D4940B}
		{39AADF4F-9CCF-44EF-B8FE-381DF52383A7} = {25C4899F-454E-4DF2-929D-406166120F50}
	EndGlobalSection
	GlobalSection(ExtensibilityGlobals) = postSolution
		SolutionGuid = {3EEF6ADC-D4A4-498A-ADCB-CF571C37134C}
	EndGlobalSection
EndGlobal
